
Microsoft Visual Studio Solution File, Format Version 12.00
# Visual Studio Version 16
VisualStudioVersion = 16.0.30804.86
MinimumVisualStudioVersion = 10.0.40219.1
Project("{FAE04EC0-301F-11D3-BF4B-00C04F79EFBC}") = "Day13", "Day13\Day13.csproj", "{BFF7E187-47F5-438D-80CE-866920F99041}"
EndProject
Global
	GlobalSection(SolutionConfigurationPlatforms) = preSolution
		Debug|Any CPU = Debug|Any CPU
		Release|Any CPU = Release|Any CPU
	EndGlobalSection
	GlobalSection(ProjectConfigurationPlatforms) = postSolution
		{BFF7E187-47F5-438D-80CE-866920F99041}.Debug|Any CPU.ActiveCfg = Debug|Any CPU
		{BFF7E187-47F5-438D-80CE-866920F99041}.Debug|Any CPU.Build.0 = Debug|Any CPU
		{BFF7E187-47F5-438D-80CE-866920F99041}.Release|Any CPU.ActiveCfg = Release|Any CPU
		{BFF7E187-47F5-438D-80CE-866920F99041}.Release|Any CPU.Build.0 = Release|Any CPU
	EndGlobalSection
	GlobalSection(SolutionProperties) = preSolution
		HideSolutionNode = FALSE
	EndGlobalSection
	GlobalSection(ExtensibilityGlobals) = postSolution
		SolutionGuid = {44D2EDCF-AC31-471E-832F-EFB6A2B67D0F}
	EndGlobalSection
EndGlobal
