
Microsoft Visual Studio Solution File, Format Version 12.00
# Visual Studio Version 16
VisualStudioVersion = 16.0.29709.97
MinimumVisualStudioVersion = 10.0.40219.1
Project("{FAE04EC0-301F-11D3-BF4B-00C04F79EFBC}") = "Day06", "Day06\Day06.csproj", "{BFB4DDFF-A420-4E60-B71A-E4233DD0A034}"
EndProject
Global
	GlobalSection(SolutionConfigurationPlatforms) = preSolution
		Debug|Any CPU = Debug|Any CPU
		Release|Any CPU = Release|Any CPU
	EndGlobalSection
	GlobalSection(ProjectConfigurationPlatforms) = postSolution
		{BFB4DDFF-A420-4E60-B71A-E4233DD0A034}.Debug|Any CPU.ActiveCfg = Debug|Any CPU
		{BFB4DDFF-A420-4E60-B71A-E4233DD0A034}.Debug|Any CPU.Build.0 = Debug|Any CPU
		{BFB4DDFF-A420-4E60-B71A-E4233DD0A034}.Release|Any CPU.ActiveCfg = Release|Any CPU
		{BFB4DDFF-A420-4E60-B71A-E4233DD0A034}.Release|Any CPU.Build.0 = Release|Any CPU
	EndGlobalSection
	GlobalSection(SolutionProperties) = preSolution
		HideSolutionNode = FALSE
	EndGlobalSection
	GlobalSection(ExtensibilityGlobals) = postSolution
		SolutionGuid = {4047B460-B60D-4D1F-AE0A-965267FE6EB4}
	EndGlobalSection
EndGlobal
