
Microsoft Visual Studio Solution File, Format Version 12.00
# Visual Studio Version 16
VisualStudioVersion = 16.0.30804.86
MinimumVisualStudioVersion = 10.0.40219.1
Project("{FAE04EC0-301F-11D3-BF4B-00C04F79EFBC}") = "Day10", "Day10\Day10.csproj", "{B84009DA-2E53-4FA4-A480-C53637671EDF}"
EndProject
Project("{9A19103F-16F7-4668-BE54-9A1E7A4F7556}") = "Helpers", "..\Libraries\Helpers\Helpers.csproj", "{B9B911A1-BE48-4CCA-B82F-8E371B865347}"
EndProject
Global
	GlobalSection(SolutionConfigurationPlatforms) = preSolution
		Debug|Any CPU = Debug|Any CPU
		Release|Any CPU = Release|Any CPU
	EndGlobalSection
	GlobalSection(ProjectConfigurationPlatforms) = postSolution
		{B84009DA-2E53-4FA4-A480-C53637671EDF}.Debug|Any CPU.ActiveCfg = Debug|Any CPU
		{B84009DA-2E53-4FA4-A480-C53637671EDF}.Debug|Any CPU.Build.0 = Debug|Any CPU
		{B84009DA-2E53-4FA4-A480-C53637671EDF}.Release|Any CPU.ActiveCfg = Release|Any CPU
		{B84009DA-2E53-4FA4-A480-C53637671EDF}.Release|Any CPU.Build.0 = Release|Any CPU
		{B9B911A1-BE48-4CCA-B82F-8E371B865347}.Debug|Any CPU.ActiveCfg = Debug|Any CPU
		{B9B911A1-BE48-4CCA-B82F-8E371B865347}.Debug|Any CPU.Build.0 = Debug|Any CPU
		{B9B911A1-BE48-4CCA-B82F-8E371B865347}.Release|Any CPU.ActiveCfg = Release|Any CPU
		{B9B911A1-BE48-4CCA-B82F-8E371B865347}.Release|Any CPU.Build.0 = Release|Any CPU
	EndGlobalSection
	GlobalSection(SolutionProperties) = preSolution
		HideSolutionNode = FALSE
	EndGlobalSection
	GlobalSection(ExtensibilityGlobals) = postSolution
		SolutionGuid = {3DB78865-4695-43BB-8D2A-B7A0681DD3B2}
	EndGlobalSection
EndGlobal
