
Microsoft Visual Studio Solution File, Format Version 12.00
# Visual Studio Version 16
VisualStudioVersion = 16.0.30804.86
MinimumVisualStudioVersion = 10.0.40219.1
Project("{FAE04EC0-301F-11D3-BF4B-00C04F79EFBC}") = "Day15", "Day15\Day15.csproj", "{65C171EF-C155-453B-9DCA-4C1931864552}"
EndProject
Global
	GlobalSection(SolutionConfigurationPlatforms) = preSolution
		Debug|Any CPU = Debug|Any CPU
		Release|Any CPU = Release|Any CPU
	EndGlobalSection
	GlobalSection(ProjectConfigurationPlatforms) = postSolution
		{65C171EF-C155-453B-9DCA-4C1931864552}.Debug|Any CPU.ActiveCfg = Debug|Any CPU
		{65C171EF-C155-453B-9DCA-4C1931864552}.Debug|Any CPU.Build.0 = Debug|Any CPU
		{65C171EF-C155-453B-9DCA-4C1931864552}.Release|Any CPU.ActiveCfg = Release|Any CPU
		{65C171EF-C155-453B-9DCA-4C1931864552}.Release|Any CPU.Build.0 = Release|Any CPU
	EndGlobalSection
	GlobalSection(SolutionProperties) = preSolution
		HideSolutionNode = FALSE
	EndGlobalSection
	GlobalSection(ExtensibilityGlobals) = postSolution
		SolutionGuid = {3567D035-A6CA-4402-81CA-9379B3F61222}
	EndGlobalSection
EndGlobal
