
Microsoft Visual Studio Solution File, Format Version 12.00
# Visual Studio Version 16
VisualStudioVersion = 16.0.30804.86
MinimumVisualStudioVersion = 10.0.40219.1
Project("{FAE04EC0-301F-11D3-BF4B-00C04F79EFBC}") = "Day19", "Day19\Day19.csproj", "{0669AE7A-72D4-459A-A655-6A1BCF3B094F}"
EndProject
Global
	GlobalSection(SolutionConfigurationPlatforms) = preSolution
		Debug|Any CPU = Debug|Any CPU
		Release|Any CPU = Release|Any CPU
	EndGlobalSection
	GlobalSection(ProjectConfigurationPlatforms) = postSolution
		{0669AE7A-72D4-459A-A655-6A1BCF3B094F}.Debug|Any CPU.ActiveCfg = Debug|Any CPU
		{0669AE7A-72D4-459A-A655-6A1BCF3B094F}.Debug|Any CPU.Build.0 = Debug|Any CPU
		{0669AE7A-72D4-459A-A655-6A1BCF3B094F}.Release|Any CPU.ActiveCfg = Release|Any CPU
		{0669AE7A-72D4-459A-A655-6A1BCF3B094F}.Release|Any CPU.Build.0 = Release|Any CPU
	EndGlobalSection
	GlobalSection(SolutionProperties) = preSolution
		HideSolutionNode = FALSE
	EndGlobalSection
	GlobalSection(ExtensibilityGlobals) = postSolution
		SolutionGuid = {50C5AED7-94F6-4488-87E3-4F8ED1B08856}
	EndGlobalSection
EndGlobal
